// !$*UTF8*$!
{
	archiveVersion = 1;
	classes = {
	};
	objectVersion = 77;
	objects = {

/* Begin PBXContainerItemProxy section */
		84E80D922DA5317400424EAA /* PBXContainerItemProxy */ = {
			isa = PBXContainerItemProxy;
			containerPortal = 84E80D732DA5317200424EAA /* Project object */;
			proxyType = 1;
			remoteGlobalIDString = 84E80D7A2DA5317200424EAA;
			remoteInfo = APNS_with_FCM;
		};
		84E80D9C2DA5317400424EAA /* PBXContainerItemProxy */ = {
			isa = PBXContainerItemProxy;
			containerPortal = 84E80D732DA5317200424EAA /* Project object */;
			proxyType = 1;
			remoteGlobalIDString = 84E80D7A2DA5317200424EAA;
			remoteInfo = APNS_with_FCM;
		};
/* End PBXContainerItemProxy section */

/* Begin PBXFileReference section */
		84E80D7B2DA5317200424EAA /* APNS_with_FCM.app */ = {isa = PBXFileReference; explicitFileType = wrapper.application; includeInIndex = 0; path = APNS_with_FCM.app; sourceTree = BUILT_PRODUCTS_DIR; };
		84E80D912DA5317400424EAA /* APNS_with_FCMTests.xctest */ = {isa = PBXFileReference; explicitFileType = wrapper.cfbundle; includeInIndex = 0; path = APNS_with_FCMTests.xctest; sourceTree = BUILT_PRODUCTS_DIR; };
		84E80D9B2DA5317400424EAA /* APNS_with_FCMUITests.xctest */ = {isa = PBXFileReference; explicitFileType = wrapper.cfbundle; includeInIndex = 0; path = APNS_with_FCMUITests.xctest; sourceTree = BUILT_PRODUCTS_DIR; };
/* End PBXFileReference section */

/* Begin PBXFileSystemSynchronizedBuildFileExceptionSet section */
		84E80DA32DA5317400424EAA /* Exceptions for "APNS_with_FCM" folder in "APNS_with_FCM" target */ = {
			isa = PBXFileSystemSynchronizedBuildFileExceptionSet;
			membershipExceptions = (
				Info.plist,
			);
			target = 84E80D7A2DA5317200424EAA /* APNS_with_FCM */;
		};
/* End PBXFileSystemSynchronizedBuildFileExceptionSet section */

/* Begin PBXFileSystemSynchronizedRootGroup section */
		84E80D7D2DA5317200424EAA /* APNS_with_FCM */ = {
			isa = PBXFileSystemSynchronizedRootGroup;
			exceptions = (
				84E80DA32DA5317400424EAA /* Exceptions for "APNS_with_FCM" folder in "APNS_with_FCM" target */,
			);
			path = APNS_with_FCM;
			sourceTree = "<group>";
		};
		84E80D942DA5317400424EAA /* APNS_with_FCMTests */ = {
			isa = PBXFileSystemSynchronizedRootGroup;
			path = APNS_with_FCMTests;
			sourceTree = "<group>";
		};
		84E80D9E2DA5317400424EAA /* APNS_with_FCMUITests */ = {
			isa = PBXFileSystemSynchronizedRootGroup;
			path = APNS_with_FCMUITests;
			sourceTree = "<group>";
		};
/* End PBXFileSystemSynchronizedRootGroup section */

/* Begin PBXFrameworksBuildPhase section */
		84E80D782DA5317200424EAA /* Frameworks */ = {
			isa = PBXFrameworksBuildPhase;
			buildActionMask = 2147483647;
			files = (
			);
			runOnlyForDeploymentPostprocessing = 0;
		};
		84E80D8E2DA5317400424EAA /* Frameworks */ = {
			isa = PBXFrameworksBuildPhase;
			buildActionMask = 2147483647;
			files = (
			);
			runOnlyForDeploymentPostprocessing = 0;
		};
		84E80D982DA5317400424EAA /* Frameworks */ = {
			isa = PBXFrameworksBuildPhase;
			buildActionMask = 2147483647;
			files = (
			);
			runOnlyForDeploymentPostprocessing = 0;
		};
/* End PBXFrameworksBuildPhase section */

/* Begin PBXGroup section */
		84E80D722DA5317200424EAA = {
			isa = PBXGroup;
			children = (
				84E80D7D2DA5317200424EAA /* APNS_with_FCM */,
				84E80D942DA5317400424EAA /* APNS_with_FCMTests */,
				84E80D9E2DA5317400424EAA /* APNS_with_FCMUITests */,
				84E80D7C2DA5317200424EAA /* Products */,
			);
			sourceTree = "<group>";
		};
		84E80D7C2DA5317200424EAA /* Products */ = {
			isa = PBXGroup;
			children = (
				84E80D7B2DA5317200424EAA /* APNS_with_FCM.app */,
				84E80D912DA5317400424EAA /* APNS_with_FCMTests.xctest */,
				84E80D9B2DA5317400424EAA /* APNS_with_FCMUITests.xctest */,
			);
			name = Products;
			sourceTree = "<group>";
		};
/* End PBXGroup section */

/* Begin PBXNativeTarget section */
		84E80D7A2DA5317200424EAA /* APNS_with_FCM */ = {
			isa = PBXNativeTarget;
			buildConfigurationList = 84E80DA42DA5317400424EAA /* Build configuration list for PBXNativeTarget "APNS_with_FCM" */;
			buildPhases = (
				84E80D772DA5317200424EAA /* Sources */,
				84E80D782DA5317200424EAA /* Frameworks */,
				84E80D792DA5317200424EAA /* Resources */,
			);
			buildRules = (
			);
			dependencies = (
			);
			fileSystemSynchronizedGroups = (
				84E80D7D2DA5317200424EAA /* APNS_with_FCM */,
			);
			name = APNS_with_FCM;
			packageProductDependencies = (
			);
			productName = APNS_with_FCM;
			productReference = 84E80D7B2DA5317200424EAA /* APNS_with_FCM.app */;
			productType = "com.apple.product-type.application";
		};
		84E80D902DA5317400424EAA /* APNS_with_FCMTests */ = {
			isa = PBXNativeTarget;
			buildConfigurationList = 84E80DA92DA5317400424EAA /* Build configuration list for PBXNativeTarget "APNS_with_FCMTests" */;
			buildPhases = (
				84E80D8D2DA5317400424EAA /* Sources */,
				84E80D8E2DA5317400424EAA /* Frameworks */,
				84E80D8F2DA5317400424EAA /* Resources */,
			);
			buildRules = (
			);
			dependencies = (
				84E80D932DA5317400424EAA /* PBXTargetDependency */,
			);
			fileSystemSynchronizedGroups = (
				84E80D942DA5317400424EAA /* APNS_with_FCMTests */,
			);
			name = APNS_with_FCMTests;
			packageProductDependencies = (
			);
			productName = APNS_with_FCMTests;
			productReference = 84E80D912DA5317400424EAA /* APNS_with_FCMTests.xctest */;
			productType = "com.apple.product-type.bundle.unit-test";
		};
		84E80D9A2DA5317400424EAA /* APNS_with_FCMUITests */ = {
			isa = PBXNativeTarget;
			buildConfigurationList = 84E80DAC2DA5317400424EAA /* Build configuration list for PBXNativeTarget "APNS_with_FCMUITests" */;
			buildPhases = (
				84E80D972DA5317400424EAA /* Sources */,
				84E80D982DA5317400424EAA /* Frameworks */,
				84E80D992DA5317400424EAA /* Resources */,
			);
			buildRules = (
			);
			dependencies = (
				84E80D9D2DA5317400424EAA /* PBXTargetDependency */,
			);
			fileSystemSynchronizedGroups = (
				84E80D9E2DA5317400424EAA /* APNS_with_FCMUITests */,
			);
			name = APNS_with_FCMUITests;
			packageProductDependencies = (
			);
			productName = APNS_with_FCMUITests;
			productReference = 84E80D9B2DA5317400424EAA /* APNS_with_FCMUITests.xctest */;
			productType = "com.apple.product-type.bundle.ui-testing";
		};
/* End PBXNativeTarget section */

/* Begin PBXProject section */
		84E80D732DA5317200424EAA /* Project object */ = {
			isa = PBXProject;
			attributes = {
				BuildIndependentTargetsInParallel = 1;
				LastSwiftUpdateCheck = 1630;
				LastUpgradeCheck = 1630;
				TargetAttributes = {
					84E80D7A2DA5317200424EAA = {
						CreatedOnToolsVersion = 16.3;
					};
					84E80D902DA5317400424EAA = {
						CreatedOnToolsVersion = 16.3;
						TestTargetID = 84E80D7A2DA5317200424EAA;
					};
					84E80D9A2DA5317400424EAA = {
						CreatedOnToolsVersion = 16.3;
						TestTargetID = 84E80D7A2DA5317200424EAA;
					};
				};
			};
			buildConfigurationList = 84E80D762DA5317200424EAA /* Build configuration list for PBXProject "APNS_with_FCM" */;
			developmentRegion = en;
			hasScannedForEncodings = 0;
			knownRegions = (
				en,
				Base,
			);
			mainGroup = 84E80D722DA5317200424EAA;
			minimizedProjectReferenceProxies = 1;
			preferredProjectObjectVersion = 77;
			productRefGroup = 84E80D7C2DA5317200424EAA /* Products */;
			projectDirPath = "";
			projectRoot = "";
			targets = (
				84E80D7A2DA5317200424EAA /* APNS_with_FCM */,
				84E80D902DA5317400424EAA /* APNS_with_FCMTests */,
				84E80D9A2DA5317400424EAA /* APNS_with_FCMUITests */,
			);
		};
/* End PBXProject section */

/* Begin PBXResourcesBuildPhase section */
		84E80D792DA5317200424EAA /* Resources */ = {
			isa = PBXResourcesBuildPhase;
			buildActionMask = 2147483647;
			files = (
			);
			runOnlyForDeploymentPostprocessing = 0;
		};
		84E80D8F2DA5317400424EAA /* Resources */ = {
			isa = PBXResourcesBuildPhase;
			buildActionMask = 2147483647;
			files = (
			);
			runOnlyForDeploymentPostprocessing = 0;
		};
		84E80D992DA5317400424EAA /* Resources */ = {
			isa = PBXResourcesBuildPhase;
			buildActionMask = 2147483647;
			files = (
			);
			runOnlyForDeploymentPostprocessing = 0;
		};
/* End PBXResourcesBuildPhase section */

/* Begin PBXSourcesBuildPhase section */
		84E80D772DA5317200424EAA /* Sources */ = {
			isa = PBXSourcesBuildPhase;
			buildActionMask = 2147483647;
			files = (
			);
			runOnlyForDeploymentPostprocessing = 0;
		};
		84E80D8D2DA5317400424EAA /* Sources */ = {
			isa = PBXSourcesBuildPhase;
			buildActionMask = 2147483647;
			files = (
			);
			runOnlyForDeploymentPostprocessing = 0;
		};
		84E80D972DA5317400424EAA /* Sources */ = {
			isa = PBXSourcesBuildPhase;
			buildActionMask = 2147483647;
			files = (
			);
			runOnlyForDeploymentPostprocessing = 0;
		};
/* End PBXSourcesBuildPhase section */

/* Begin PBXTargetDependency section */
		84E80D932DA5317400424EAA /* PBXTargetDependency */ = {
			isa = PBXTargetDependency;
			target = 84E80D7A2DA5317200424EAA /* APNS_with_FCM */;
			targetProxy = 84E80D922DA5317400424EAA /* PBXContainerItemProxy */;
		};
		84E80D9D2DA5317400424EAA /* PBXTargetDependency */ = {
			isa = PBXTargetDependency;
			target = 84E80D7A2DA5317200424EAA /* APNS_with_FCM */;
			targetProxy = 84E80D9C2DA5317400424EAA /* PBXContainerItemProxy */;
		};
/* End PBXTargetDependency section */

/* Begin XCBuildConfiguration section */
		84E80DA52DA5317400424EAA /* Debug */ = {
			isa = XCBuildConfiguration;
			buildSettings = {
				ASSETCATALOG_COMPILER_APPICON_NAME = AppIcon;
				ASSETCATALOG_COMPILER_GLOBAL_ACCENT_COLOR_NAME = AccentColor;
				CODE_SIGN_STYLE = Automatic;
				CURRENT_PROJECT_VERSION = 1;
				DEVELOPMENT_TEAM = 74U32DPQ4T;
				GENERATE_INFOPLIST_FILE = YES;
				INFOPLIST_FILE = APNS_with_FCM/Info.plist;
				INFOPLIST_KEY_UIApplicationSupportsIndirectInputEvents = YES;
				INFOPLIST_KEY_UILaunchStoryboardName = LaunchScreen;
				INFOPLIST_KEY_UIMainStoryboardFile = Main;
				INFOPLIST_KEY_UISupportedInterfaceOrientations_iPad = "UIInterfaceOrientationPortrait UIInterfaceOrientationPortraitUpsideDown UIInterfaceOrientationLandscapeLeft UIInterfaceOrientationLandscapeRight";
				INFOPLIST_KEY_UISupportedInterfaceOrientations_iPhone = "UIInterfaceOrientationPortrait UIInterfaceOrientationLandscapeLeft UIInterfaceOrientationLandscapeRight";
				LD_RUNPATH_SEARCH_PATHS = (
					"$(inherited)",
					"@executable_path/Frameworks",
				);
				MARKETING_VERSION = 1.0;
				PRODUCT_BUNDLE_IDENTIFIER = "abc.APNS-with-FCM";
				PRODUCT_NAME = "$(TARGET_NAME)";
				SWIFT_EMIT_LOC_STRINGS = YES;
				SWIFT_VERSION = 5.0;
				TARGETED_DEVICE_FAMILY = "1,2";
			};
			name = Debug;
		};
		84E80DA62DA5317400424EAA /* Release */ = {
			isa = XCBuildConfiguration;
			buildSettings = {
				ASSETCATALOG_COMPILER_APPICON_NAME = AppIcon;
				ASSETCATALOG_COMPILER_GLOBAL_ACCENT_COLOR_NAME = AccentColor;
				CODE_SIGN_STYLE = Automatic;
				CURRENT_PROJECT_VERSION = 1;
				DEVELOPMENT_TEAM = 74U32DPQ4T;
				GENERATE_INFOPLIST_FILE = YES;
				INFOPLIST_FILE = APNS_with_FCM/Info.plist;
				INFOPLIST_KEY_UIApplicationSupportsIndirectInputEvents = YES;
				INFOPLIST_KEY_UILaunchStoryboardName = LaunchScreen;
				INFOPLIST_KEY_UIMainStoryboardFile = Main;
				INFOPLIST_KEY_UISupportedInterfaceOrientations_iPad = "UIInterfaceOrientationPortrait UIInterfaceOrientationPortraitUpsideDown UIInterfaceOrientationLandscapeLeft UIInterfaceOrientationLandscapeRight";
				INFOPLIST_KEY_UISupportedInterfaceOrientations_iPhone = "UIInterfaceOrientationPortrait UIInterfaceOrientationLandscapeLeft UIInterfaceOrientationLandscapeRight";
				LD_RUNPATH_SEARCH_PATHS = (
					"$(inherited)",
					"@executable_path/Frameworks",
				);
				MARKETING_VERSION = 1.0;
				PRODUCT_BUNDLE_IDENTIFIER = "abc.APNS-with-FCM";
				PRODUCT_NAME = "$(TARGET_NAME)";
				SWIFT_EMIT_LOC_STRINGS = YES;
				SWIFT_VERSION = 5.0;
				TARGETED_DEVICE_FAMILY = "1,2";
			};
			name = Release;
		};
		84E80DA72DA5317400424EAA /* Debug */ = {
			isa = XCBuildConfiguration;
			buildSettings = {
				ALWAYS_SEARCH_USER_PATHS = NO;
				ASSETCATALOG_COMPILER_GENERATE_SWIFT_ASSET_SYMBOL_EXTENSIONS = YES;
				CLANG_ANALYZER_NONNULL = YES;
				CLANG_ANALYZER_NUMBER_OBJECT_CONVERSION = YES_AGGRESSIVE;
				CLANG_CXX_LANGUAGE_STANDARD = "gnu++20";
				CLANG_ENABLE_MODULES = YES;
				CLANG_ENABLE_OBJC_ARC = YES;
				CLANG_ENABLE_OBJC_WEAK = YES;
				CLANG_WARN_BLOCK_CAPTURE_AUTORELEASING = YES;
				CLANG_WARN_BOOL_CONVERSION = YES;
				CLANG_WARN_COMMA = YES;
				CLANG_WARN_CONSTANT_CONVERSION = YES;
				CLANG_WARN_DEPRECATED_OBJC_IMPLEMENTATIONS = YES;
				CLANG_WARN_DIRECT_OBJC_ISA_USAGE = YES_ERROR;
				CLANG_WARN_DOCUMENTATION_COMMENTS = YES;
				CLANG_WARN_EMPTY_BODY = YES;
				CLANG_WARN_ENUM_CONVERSION = YES;
				CLANG_WARN_INFINITE_RECURSION = YES;
				CLANG_WARN_INT_CONVERSION = YES;
				CLANG_WARN_NON_LITERAL_NULL_CONVERSION = YES;
				CLANG_WARN_OBJC_IMPLICIT_RETAIN_SELF = YES;
				CLANG_WARN_OBJC_LITERAL_CONVERSION = YES;
				CLANG_WARN_OBJC_ROOT_CLASS = YES_ERROR;
				CLANG_WARN_QUOTED_INCLUDE_IN_FRAMEWORK_HEADER = YES;
				CLANG_WARN_RANGE_LOOP_ANALYSIS = YES;
				CLANG_WARN_STRICT_PROTOTYPES = YES;
				CLANG_WARN_SUSPICIOUS_MOVE = YES;
				CLANG_WARN_UNGUARDED_AVAILABILITY = YES_AGGRESSIVE;
				CLANG_WARN_UNREACHABLE_CODE = YES;
				CLANG_WARN__DUPLICATE_METHOD_MATCH = YES;
				COPY_PHASE_STRIP = NO;
				DEBUG_INFORMATION_FORMAT = dwarf;
				DEVELOPMENT_TEAM = 74U32DPQ4T;
				ENABLE_STRICT_OBJC_MSGSEND = YES;
				ENABLE_TESTABILITY = YES;
				ENABLE_USER_SCRIPT_SANDBOXING = YES;
				GCC_C_LANGUAGE_STANDARD = gnu17;
				GCC_DYNAMIC_NO_PIC = NO;
				GCC_NO_COMMON_BLOCKS = YES;
				GCC_OPTIMIZATION_LEVEL = 0;
				GCC_PREPROCESSOR_DEFINITIONS = (
					"DEBUG=1",
					"$(inherited)",
				);
				GCC_WARN_64_TO_32_BIT_CONVERSION = YES;
				GCC_WARN_ABOUT_RETURN_TYPE = YES_ERROR;
				GCC_WARN_UNDECLARED_SELECTOR = YES;
				GCC_WARN_UNINITIALIZED_AUTOS = YES_AGGRESSIVE;
				GCC_WARN_UNUSED_FUNCTION = YES;
				GCC_WARN_UNUSED_VARIABLE = YES;
				IPHONEOS_DEPLOYMENT_TARGET = 18.4;
				LOCALIZATION_PREFERS_STRING_CATALOGS = YES;
				MTL_ENABLE_DEBUG_INFO = INCLUDE_SOURCE;
				MTL_FAST_MATH = YES;
				ONLY_ACTIVE_ARCH = YES;
				SDKROOT = iphoneos;
				SWIFT_ACTIVE_COMPILATION_CONDITIONS = "DEBUG $(inherited)";
				SWIFT_OPTIMIZATION_LEVEL = "-Onone";
			};
			name = Debug;
		};
		84E80DA82DA5317400424EAA /* Release */ = {
			isa = XCBuildConfiguration;
			buildSettings = {
				ALWAYS_SEARCH_USER_PATHS = NO;
				ASSETCATALOG_COMPILER_GENERATE_SWIFT_ASSET_SYMBOL_EXTENSIONS = YES;
				CLANG_ANALYZER_NONNULL = YES;
				CLANG_ANALYZER_NUMBER_OBJECT_CONVERSION = YES_AGGRESSIVE;
				CLANG_CXX_LANGUAGE_STANDARD = "gnu++20";
				CLANG_ENABLE_MODULES = YES;
				CLANG_ENABLE_OBJC_ARC = YES;
				CLANG_ENABLE_OBJC_WEAK = YES;
				CLANG_WARN_BLOCK_CAPTURE_AUTORELEASING = YES;
				CLANG_WARN_BOOL_CONVERSION = YES;
				CLANG_WARN_COMMA = YES;
				CLANG_WARN_CONSTANT_CONVERSION = YES;
				CLANG_WARN_DEPRECATED_OBJC_IMPLEMENTATIONS = YES;
				CLANG_WARN_DIRECT_OBJC_ISA_USAGE = YES_ERROR;
				CLANG_WARN_DOCUMENTATION_COMMENTS = YES;
				CLANG_WARN_EMPTY_BODY = YES;
				CLANG_WARN_ENUM_CONVERSION = YES;
				CLANG_WARN_INFINITE_RECURSION = YES;
				CLANG_WARN_INT_CONVERSION = YES;
				CLANG_WARN_NON_LITERAL_NULL_CONVERSION = YES;
				CLANG_WARN_OBJC_IMPLICIT_RETAIN_SELF = YES;
				CLANG_WARN_OBJC_LITERAL_CONVERSION = YES;
				CLANG_WARN_OBJC_ROOT_CLASS = YES_ERROR;
				CLANG_WARN_QUOTED_INCLUDE_IN_FRAMEWORK_HEADER = YES;
				CLANG_WARN_RANGE_LOOP_ANALYSIS = YES;
				CLANG_WARN_STRICT_PROTOTYPES = YES;
				CLANG_WARN_SUSPICIOUS_MOVE = YES;
				CLANG_WARN_UNGUARDED_AVAILABILITY = YES_AGGRESSIVE;
				CLANG_WARN_UNREACHABLE_CODE = YES;
				CLANG_WARN__DUPLICATE_METHOD_MATCH = YES;
				COPY_PHASE_STRIP = NO;
				DEBUG_INFORMATION_FORMAT = "dwarf-with-dsym";
				DEVELOPMENT_TEAM = 74U32DPQ4T;
				ENABLE_NS_ASSERTIONS = NO;
				ENABLE_STRICT_OBJC_MSGSEND = YES;
				ENABLE_USER_SCRIPT_SANDBOXING = YES;
				GCC_C_LANGUAGE_STANDARD = gnu17;
				GCC_NO_COMMON_BLOCKS = YES;
				GCC_WARN_64_TO_32_BIT_CONVERSION = YES;
				GCC_WARN_ABOUT_RETURN_TYPE = YES_ERROR;
				GCC_WARN_UNDECLARED_SELECTOR = YES;
				GCC_WARN_UNINITIALIZED_AUTOS = YES_AGGRESSIVE;
				GCC_WARN_UNUSED_FUNCTION = YES;
				GCC_WARN_UNUSED_VARIABLE = YES;
				IPHONEOS_DEPLOYMENT_TARGET = 18.4;
				LOCALIZATION_PREFERS_STRING_CATALOGS = YES;
				MTL_ENABLE_DEBUG_INFO = NO;
				MTL_FAST_MATH = YES;
				SDKROOT = iphoneos;
				SWIFT_COMPILATION_MODE = wholemodule;
				VALIDATE_PRODUCT = YES;
			};
			name = Release;
		};
		84E80DAA2DA5317400424EAA /* Debug */ = {
			isa = XCBuildConfiguration;
			buildSettings = {
				BUNDLE_LOADER = "$(TEST_HOST)";
				CODE_SIGN_STYLE = Automatic;
				CURRENT_PROJECT_VERSION = 1;
				DEVELOPMENT_TEAM = 74U32DPQ4T;
				GENERATE_INFOPLIST_FILE = YES;
				IPHONEOS_DEPLOYMENT_TARGET = 18.4;
				MARKETING_VERSION = 1.0;
				PRODUCT_BUNDLE_IDENTIFIER = "abc.APNS-with-FCMTests";
				PRODUCT_NAME = "$(TARGET_NAME)";
				SWIFT_EMIT_LOC_STRINGS = NO;
				SWIFT_VERSION = 5.0;
				TARGETED_DEVICE_FAMILY = "1,2";
				TEST_HOST = "$(BUILT_PRODUCTS_DIR)/APNS_with_FCM.app/$(BUNDLE_EXECUTABLE_FOLDER_PATH)/APNS_with_FCM";
			};
			name = Debug;
		};
		84E80DAB2DA5317400424EAA /* Release */ = {
			isa = XCBuildConfiguration;
			buildSettings = {
				BUNDLE_LOADER = "$(TEST_HOST)";
				CODE_SIGN_STYLE = Automatic;
				CURRENT_PROJECT_VERSION = 1;
				DEVELOPMENT_TEAM = 74U32DPQ4T;
				GENERATE_INFOPLIST_FILE = YES;
				IPHONEOS_DEPLOYMENT_TARGET = 18.4;
				MARKETING_VERSION = 1.0;
				PRODUCT_BUNDLE_IDENTIFIER = "abc.APNS-with-FCMTests";
				PRODUCT_NAME = "$(TARGET_NAME)";
				SWIFT_EMIT_LOC_STRINGS = NO;
				SWIFT_VERSION = 5.0;
				TARGETED_DEVICE_FAMILY = "1,2";
				TEST_HOST = "$(BUILT_PRODUCTS_DIR)/APNS_with_FCM.app/$(BUNDLE_EXECUTABLE_FOLDER_PATH)/APNS_with_FCM";
			};
			name = Release;
		};
		84E80DAD2DA5317400424EAA /* Debug */ = {
			isa = XCBuildConfiguration;
			buildSettings = {
				CODE_SIGN_STYLE = Automatic;
				CURRENT_PROJECT_VERSION = 1;
				DEVELOPMENT_TEAM = 74U32DPQ4T;
				GENERATE_INFOPLIST_FILE = YES;
				MARKETING_VERSION = 1.0;
				PRODUCT_BUNDLE_IDENTIFIER = "abc.APNS-with-FCMUITests";
				PRODUCT_NAME = "$(TARGET_NAME)";
				SWIFT_EMIT_LOC_STRINGS = NO;
				SWIFT_VERSION = 5.0;
				TARGETED_DEVICE_FAMILY = "1,2";
				TEST_TARGET_NAME = APNS_with_FCM;
			};
			name = Debug;
		};
		84E80DAE2DA5317400424EAA /* Release */ = {
			isa = XCBuildConfiguration;
			buildSettings = {
				CODE_SIGN_STYLE = Automatic;
				CURRENT_PROJECT_VERSION = 1;
				DEVELOPMENT_TEAM = 74U32DPQ4T;
				GENERATE_INFOPLIST_FILE = YES;
				MARKETING_VERSION = 1.0;
				PRODUCT_BUNDLE_IDENTIFIER = "abc.APNS-with-FCMUITests";
				PRODUCT_NAME = "$(TARGET_NAME)";
				SWIFT_EMIT_LOC_STRINGS = NO;
				SWIFT_VERSION = 5.0;
				TARGETED_DEVICE_FAMILY = "1,2";
				TEST_TARGET_NAME = APNS_with_FCM;
			};
			name = Release;
		};
/* End XCBuildConfiguration section */

/* Begin XCConfigurationList section */
		84E80D762DA5317200424EAA /* Build configuration list for PBXProject "APNS_with_FCM" */ = {
			isa = XCConfigurationList;
			buildConfigurations = (
				84E80DA72DA5317400424EAA /* Debug */,
				84E80DA82DA5317400424EAA /* Release */,
			);
			defaultConfigurationIsVisible = 0;
			defaultConfigurationName = Release;
		};
		84E80DA42DA5317400424EAA /* Build configuration list for PBXNativeTarget "APNS_with_FCM" */ = {
			isa = XCConfigurationList;
			buildConfigurations = (
				84E80DA52DA5317400424EAA /* Debug */,
				84E80DA62DA5317400424EAA /* Release */,
			);
			defaultConfigurationIsVisible = 0;
			defaultConfigurationName = Release;
		};
		84E80DA92DA5317400424EAA /* Build configuration list for PBXNativeTarget "APNS_with_FCMTests" */ = {
			isa = XCConfigurationList;
			buildConfigurations = (
				84E80DAA2DA5317400424EAA /* Debug */,
				84E80DAB2DA5317400424EAA /* Release */,
			);
			defaultConfigurationIsVisible = 0;
			defaultConfigurationName = Release;
		};
		84E80DAC2DA5317400424EAA /* Build configuration list for PBXNativeTarget "APNS_with_FCMUITests" */ = {
			isa = XCConfigurationList;
			buildConfigurations = (
				84E80DAD2DA5317400424EAA /* Debug */,
				84E80DAE2DA5317400424EAA /* Release */,
			);
			defaultConfigurationIsVisible = 0;
			defaultConfigurationName = Release;
		};
/* End XCConfigurationList section */
	};
	rootObject = 84E80D732DA5317200424EAA /* Project object */;
}
